// !$*UTF8*$!
{
	archiveVersion = 1;
	classes = {
	};
	objectVersion = 46;
	objects = {

/* Begin PBXBuildFile section */
		4AF3927517CBE5E900C062DB /* Cocoa.framework in Frameworks */ = {isa = PBXBuildFile; fileRef = 4AF3927417CBE5E900C062DB /* Cocoa.framework */; };
		4AF3927F17CBE5E900C062DB /* InfoPlist.strings in Resources */ = {isa = PBXBuildFile; fileRef = 4AF3927D17CBE5E900C062DB /* InfoPlist.strings */; };
		4AF3928117CBE5E900C062DB /* main.m in Sources */ = {isa = PBXBuildFile; fileRef = 4AF3928017CBE5E900C062DB /* main.m */; };
		4AF3928517CBE5E900C062DB /* Credits.rtf in Resources */ = {isa = PBXBuildFile; fileRef = 4AF3928317CBE5E900C062DB /* Credits.rtf */; };
		4AF3928817CBE5E900C062DB /* XYZAppDelegate.m in Sources */ = {isa = PBXBuildFile; fileRef = 4AF3928717CBE5E900C062DB /* XYZAppDelegate.m */; };
		4AF3928B17CBE5EA00C062DB /* MainMenu.xib in Resources */ = {isa = PBXBuildFile; fileRef = 4AF3928917CBE5EA00C062DB /* MainMenu.xib */; };
		4AF3928D17CBE5EA00C062DB /* Images.xcassets in Resources */ = {isa = PBXBuildFile; fileRef = 4AF3928C17CBE5EA00C062DB /* Images.xcassets */; };
		4AF3929417CBE5EA00C062DB /* XCTest.framework in Frameworks */ = {isa = PBXBuildFile; fileRef = 4AF3929317CBE5EA00C062DB /* XCTest.framework */; };
		4AF3929517CBE5EA00C062DB /* Cocoa.framework in Frameworks */ = {isa = PBXBuildFile; fileRef = 4AF3927417CBE5E900C062DB /* Cocoa.framework */; };
		4AF3929D17CBE5EA00C062DB /* InfoPlist.strings in Resources */ = {isa = PBXBuildFile; fileRef = 4AF3929B17CBE5EA00C062DB /* InfoPlist.strings */; };
		4AF3929F17CBE5EA00C062DB /* GTextTests.m in Sources */ = {isa = PBXBuildFile; fileRef = 4AF3929E17CBE5EA00C062DB /* GTextTests.m */; };
		4AF392AA17CBE83900C062DB /* Controller.m in Sources */ = {isa = PBXBuildFile; fileRef = 4AF392A917CBE83900C062DB /* Controller.m */; };
/* End PBXBuildFile section */

/* Begin PBXContainerItemProxy section */
		4AF3929617CBE5EA00C062DB /* PBXContainerItemProxy */ = {
			isa = PBXContainerItemProxy;
			containerPortal = 4AF3926917CBE5E900C062DB /* Project object */;
			proxyType = 1;
			remoteGlobalIDString = 4AF3927017CBE5E900C062DB;
			remoteInfo = GText;
		};
/* End PBXContainerItemProxy section */

/* Begin PBXFileReference section */
		4AF3927117CBE5E900C062DB /* GText.app */ = {isa = PBXFileReference; explicitFileType = wrapper.application; includeInIndex = 0; path = GText.app; sourceTree = BUILT_PRODUCTS_DIR; };
		4AF3927417CBE5E900C062DB /* Cocoa.framework */ = {isa = PBXFileReference; lastKnownFileType = wrapper.framework; name = Cocoa.framework; path = System/Library/Frameworks/Cocoa.framework; sourceTree = SDKROOT; };
		4AF3927717CBE5E900C062DB /* AppKit.framework */ = {isa = PBXFileReference; lastKnownFileType = wrapper.framework; name = AppKit.framework; path = System/Library/Frameworks/AppKit.framework; sourceTree = SDKROOT; };
		4AF3927817CBE5E900C062DB /* CoreData.framework */ = {isa = PBXFileReference; lastKnownFileType = wrapper.framework; name = CoreData.framework; path = System/Library/Frameworks/CoreData.framework; sourceTree = SDKROOT; };
		4AF3927917CBE5E900C062DB /* Foundation.framework */ = {isa = PBXFileReference; lastKnownFileType = wrapper.framework; name = Foundation.framework; path = System/Library/Frameworks/Foundation.framework; sourceTree = SDKROOT; };
		4AF3927C17CBE5E900C062DB /* GText-Info.plist */ = {isa = PBXFileReference; lastKnownFileType = text.plist.xml; path = "GText-Info.plist"; sourceTree = "<group>"; };
		4AF3927E17CBE5E900C062DB /* en */ = {isa = PBXFileReference; lastKnownFileType = text.plist.strings; name = en; path = en.lproj/InfoPlist.strings; sourceTree = "<group>"; };
		4AF3928017CBE5E900C062DB /* main.m */ = {isa = PBXFileReference; lastKnownFileType = sourcecode.c.objc; path = main.m; sourceTree = "<group>"; };
		4AF3928217CBE5E900C062DB /* GText-Prefix.pch */ = {isa = PBXFileReference; lastKnownFileType = sourcecode.c.h; path = "GText-Prefix.pch"; sourceTree = "<group>"; };
		4AF3928417CBE5E900C062DB /* en */ = {isa = PBXFileReference; lastKnownFileType = text.rtf; name = en; path = en.lproj/Credits.rtf; sourceTree = "<group>"; };
		4AF3928617CBE5E900C062DB /* XYZAppDelegate.h */ = {isa = PBXFileReference; lastKnownFileType = sourcecode.c.h; path = XYZAppDelegate.h; sourceTree = "<group>"; };
		4AF3928717CBE5E900C062DB /* XYZAppDelegate.m */ = {isa = PBXFileReference; lastKnownFileType = sourcecode.c.objc; path = XYZAppDelegate.m; sourceTree = "<group>"; };
		4AF3928A17CBE5EA00C062DB /* Base */ = {isa = PBXFileReference; lastKnownFileType = file.xib; name = Base; path = Base.lproj/MainMenu.xib; sourceTree = "<group>"; };
		4AF3928C17CBE5EA00C062DB /* Images.xcassets */ = {isa = PBXFileReference; lastKnownFileType = folder.assetcatalog; path = Images.xcassets; sourceTree = "<group>"; };
		4AF3929217CBE5EA00C062DB /* GTextTests.xctest */ = {isa = PBXFileReference; explicitFileType = wrapper.cfbundle; includeInIndex = 0; path = GTextTests.xctest; sourceTree = BUILT_PRODUCTS_DIR; };
		4AF3929317CBE5EA00C062DB /* XCTest.framework */ = {isa = PBXFileReference; lastKnownFileType = wrapper.framework; name = XCTest.framework; path = Library/Frameworks/XCTest.framework; sourceTree = DEVELOPER_DIR; };
		4AF3929A17CBE5EA00C062DB /* GTextTests-Info.plist */ = {isa = PBXFileReference; lastKnownFileType = text.plist.xml; path = "GTextTests-Info.plist"; sourceTree = "<group>"; };
		4AF3929C17CBE5EA00C062DB /* en */ = {isa = PBXFileReference; lastKnownFileType = text.plist.strings; name = en; path = en.lproj/InfoPlist.strings; sourceTree = "<group>"; };
		4AF3929E17CBE5EA00C062DB /* GTextTests.m */ = {isa = PBXFileReference; lastKnownFileType = sourcecode.c.objc; path = GTextTests.m; sourceTree = "<group>"; };
		4AF392A817CBE83900C062DB /* Controller.h */ = {isa = PBXFileReference; fileEncoding = 4; lastKnownFileType = sourcecode.c.h; path = Controller.h; sourceTree = "<group>"; };
		4AF392A917CBE83900C062DB /* Controller.m */ = {isa = PBXFileReference; fileEncoding = 4; lastKnownFileType = sourcecode.c.objc; path = Controller.m; sourceTree = "<group>"; };
/* End PBXFileReference section */

/* Begin PBXFrameworksBuildPhase section */
		4AF3926E17CBE5E900C062DB /* Frameworks */ = {
			isa = PBXFrameworksBuildPhase;
			buildActionMask = 2147483647;
			files = (
				4AF3927517CBE5E900C062DB /* Cocoa.framework in Frameworks */,
			);
			runOnlyForDeploymentPostprocessing = 0;
		};
		4AF3928F17CBE5EA00C062DB /* Frameworks */ = {
			isa = PBXFrameworksBuildPhase;
			buildActionMask = 2147483647;
			files = (
				4AF3929517CBE5EA00C062DB /* Cocoa.framework in Frameworks */,
				4AF3929417CBE5EA00C062DB /* XCTest.framework in Frameworks */,
			);
			runOnlyForDeploymentPostprocessing = 0;
		};
/* End PBXFrameworksBuildPhase section */

/* Begin PBXGroup section */
		4AF3926817CBE5E900C062DB = {
			isa = PBXGroup;
			children = (
				4AF3927A17CBE5E900C062DB /* GText */,
				4AF3929817CBE5EA00C062DB /* GTextTests */,
				4AF3927317CBE5E900C062DB /* Frameworks */,
				4AF3927217CBE5E900C062DB /* Products */,
			);
			sourceTree = "<group>";
		};
		4AF3927217CBE5E900C062DB /* Products */ = {
			isa = PBXGroup;
			children = (
				4AF3927117CBE5E900C062DB /* GText.app */,
				4AF3929217CBE5EA00C062DB /* GTextTests.xctest */,
			);
			name = Products;
			sourceTree = "<group>";
		};
		4AF3927317CBE5E900C062DB /* Frameworks */ = {
			isa = PBXGroup;
			children = (
				4AF3927417CBE5E900C062DB /* Cocoa.framework */,
				4AF3929317CBE5EA00C062DB /* XCTest.framework */,
				4AF3927617CBE5E900C062DB /* Other Frameworks */,
			);
			name = Frameworks;
			sourceTree = "<group>";
		};
		4AF3927617CBE5E900C062DB /* Other Frameworks */ = {
			isa = PBXGroup;
			children = (
				4AF3927717CBE5E900C062DB /* AppKit.framework */,
				4AF3927817CBE5E900C062DB /* CoreData.framework */,
				4AF3927917CBE5E900C062DB /* Foundation.framework */,
			);
			name = "Other Frameworks";
			sourceTree = "<group>";
		};
		4AF3927A17CBE5E900C062DB /* GText */ = {
			isa = PBXGroup;
			children = (
				4AF3928617CBE5E900C062DB /* XYZAppDelegate.h */,
				4AF3928717CBE5E900C062DB /* XYZAppDelegate.m */,
				4AF3928917CBE5EA00C062DB /* MainMenu.xib */,
				4AF3928C17CBE5EA00C062DB /* Images.xcassets */,
				4AF3927B17CBE5E900C062DB /* Supporting Files */,
				4AF392A817CBE83900C062DB /* Controller.h */,
				4AF392A917CBE83900C062DB /* Controller.m */,
			);
			path = GText;
			sourceTree = "<group>";
		};
		4AF3927B17CBE5E900C062DB /* Supporting Files */ = {
			isa = PBXGroup;
			children = (
				4AF3927C17CBE5E900C062DB /* GText-Info.plist */,
				4AF3927D17CBE5E900C062DB /* InfoPlist.strings */,
				4AF3928017CBE5E900C062DB /* main.m */,
				4AF3928217CBE5E900C062DB /* GText-Prefix.pch */,
				4AF3928317CBE5E900C062DB /* Credits.rtf */,
			);
			name = "Supporting Files";
			sourceTree = "<group>";
		};
		4AF3929817CBE5EA00C062DB /* GTextTests */ = {
			isa = PBXGroup;
			children = (
				4AF3929E17CBE5EA00C062DB /* GTextTests.m */,
				4AF3929917CBE5EA00C062DB /* Supporting Files */,
			);
			path = GTextTests;
			sourceTree = "<group>";
		};
		4AF3929917CBE5EA00C062DB /* Supporting Files */ = {
			isa = PBXGroup;
			children = (
				4AF3929A17CBE5EA00C062DB /* GTextTests-Info.plist */,
				4AF3929B17CBE5EA00C062DB /* InfoPlist.strings */,
			);
			name = "Supporting Files";
			sourceTree = "<group>";
		};
/* End PBXGroup section */

/* Begin PBXNativeTarget section */
		4AF3927017CBE5E900C062DB /* GText */ = {
			isa = PBXNativeTarget;
			buildConfigurationList = 4AF392A217CBE5EA00C062DB /* Build configuration list for PBXNativeTarget "GText" */;
			buildPhases = (
				4AF3926D17CBE5E900C062DB /* Sources */,
				4AF3926E17CBE5E900C062DB /* Frameworks */,
				4AF3926F17CBE5E900C062DB /* Resources */,
			);
			buildRules = (
			);
			dependencies = (
			);
			name = GText;
			productName = GText;
			productReference = 4AF3927117CBE5E900C062DB /* GText.app */;
			productType = "com.apple.product-type.application";
		};
		4AF3929117CBE5EA00C062DB /* GTextTests */ = {
			isa = PBXNativeTarget;
			buildConfigurationList = 4AF392A517CBE5EA00C062DB /* Build configuration list for PBXNativeTarget "GTextTests" */;
			buildPhases = (
				4AF3928E17CBE5EA00C062DB /* Sources */,
				4AF3928F17CBE5EA00C062DB /* Frameworks */,
				4AF3929017CBE5EA00C062DB /* Resources */,
			);
			buildRules = (
			);
			dependencies = (
				4AF3929717CBE5EA00C062DB /* PBXTargetDependency */,
			);
			name = GTextTests;
			productName = GTextTests;
			productReference = 4AF3929217CBE5EA00C062DB /* GTextTests.xctest */;
			productType = "com.apple.product-type.bundle.unit-test";
		};
/* End PBXNativeTarget section */

/* Begin PBXProject section */
		4AF3926917CBE5E900C062DB /* Project object */ = {
			isa = PBXProject;
			attributes = {
				CLASSPREFIX = XYZ;
				LastUpgradeCheck = 0500;
				ORGANIZATIONNAME = "Klaus Schleicher";
				TargetAttributes = {
					4AF3929117CBE5EA00C062DB = {
						TestTargetID = 4AF3927017CBE5E900C062DB;
					};
				};
			};
			buildConfigurationList = 4AF3926C17CBE5E900C062DB /* Build configuration list for PBXProject "GText" */;
			compatibilityVersion = "Xcode 3.2";
			developmentRegion = English;
			hasScannedForEncodings = 0;
			knownRegions = (
				en,
				Base,
			);
			mainGroup = 4AF3926817CBE5E900C062DB;
			productRefGroup = 4AF3927217CBE5E900C062DB /* Products */;
			projectDirPath = "";
			projectRoot = "";
			targets = (
				4AF3927017CBE5E900C062DB /* GText */,
				4AF3929117CBE5EA00C062DB /* GTextTests */,
			);
		};
/* End PBXProject section */

/* Begin PBXResourcesBuildPhase section */
		4AF3926F17CBE5E900C062DB /* Resources */ = {
			isa = PBXResourcesBuildPhase;
			buildActionMask = 2147483647;
			files = (
				4AF3927F17CBE5E900C062DB /* InfoPlist.strings in Resources */,
				4AF3928D17CBE5EA00C062DB /* Images.xcassets in Resources */,
				4AF3928517CBE5E900C062DB /* Credits.rtf in Resources */,
				4AF3928B17CBE5EA00C062DB /* MainMenu.xib in Resources */,
			);
			runOnlyForDeploymentPostprocessing = 0;
		};
		4AF3929017CBE5EA00C062DB /* Resources */ = {
			isa = PBXResourcesBuildPhase;
			buildActionMask = 2147483647;
			files = (
				4AF3929D17CBE5EA00C062DB /* InfoPlist.strings in Resources */,
			);
			runOnlyForDeploymentPostprocessing = 0;
		};
/* End PBXResourcesBuildPhase section */

/* Begin PBXSourcesBuildPhase section */
		4AF3926D17CBE5E900C062DB /* Sources */ = {
			isa = PBXSourcesBuildPhase;
			buildActionMask = 2147483647;
			files = (
				4AF3928817CBE5E900C062DB /* XYZAppDelegate.m in Sources */,
				4AF3928117CBE5E900C062DB /* main.m in Sources */,
				4AF392AA17CBE83900C062DB /* Controller.m in Sources */,
			);
			runOnlyForDeploymentPostprocessing = 0;
		};
		4AF3928E17CBE5EA00C062DB /* Sources */ = {
			isa = PBXSourcesBuildPhase;
			buildActionMask = 2147483647;
			files = (
				4AF3929F17CBE5EA00C062DB /* GTextTests.m in Sources */,
			);
			runOnlyForDeploymentPostprocessing = 0;
		};
/* End PBXSourcesBuildPhase section */

/* Begin PBXTargetDependency section */
		4AF3929717CBE5EA00C062DB /* PBXTargetDependency */ = {
			isa = PBXTargetDependency;
			target = 4AF3927017CBE5E900C062DB /* GText */;
			targetProxy = 4AF3929617CBE5EA00C062DB /* PBXContainerItemProxy */;
		};
/* End PBXTargetDependency section */

/* Begin PBXVariantGroup section */
		4AF3927D17CBE5E900C062DB /* InfoPlist.strings */ = {
			isa = PBXVariantGroup;
			children = (
				4AF3927E17CBE5E900C062DB /* en */,
			);
			name = InfoPlist.strings;
			sourceTree = "<group>";
		};
		4AF3928317CBE5E900C062DB /* Credits.rtf */ = {
			isa = PBXVariantGroup;
			children = (
				4AF3928417CBE5E900C062DB /* en */,
			);
			name = Credits.rtf;
			sourceTree = "<group>";
		};
		4AF3928917CBE5EA00C062DB /* MainMenu.xib */ = {
			isa = PBXVariantGroup;
			children = (
				4AF3928A17CBE5EA00C062DB /* Base */,
			);
			name = MainMenu.xib;
			sourceTree = "<group>";
		};
		4AF3929B17CBE5EA00C062DB /* InfoPlist.strings */ = {
			isa = PBXVariantGroup;
			children = (
				4AF3929C17CBE5EA00C062DB /* en */,
			);
			name = InfoPlist.strings;
			sourceTree = "<group>";
		};
/* End PBXVariantGroup section */

/* Begin XCBuildConfiguration section */
		4AF392A017CBE5EA00C062DB /* Debug */ = {
			isa = XCBuildConfiguration;
			buildSettings = {
				ALWAYS_SEARCH_USER_PATHS = NO;
				CLANG_CXX_LANGUAGE_STANDARD = "gnu++0x";
				CLANG_CXX_LIBRARY = "libc++";
				CLANG_ENABLE_MODULES = YES;
				CLANG_ENABLE_OBJC_ARC = YES;
				CLANG_WARN_BOOL_CONVERSION = YES;
				CLANG_WARN_CONSTANT_CONVERSION = YES;
				CLANG_WARN_DIRECT_OBJC_ISA_USAGE = YES_ERROR;
				CLANG_WARN_EMPTY_BODY = YES;
				CLANG_WARN_ENUM_CONVERSION = YES;
				CLANG_WARN_INT_CONVERSION = YES;
				CLANG_WARN_OBJC_ROOT_CLASS = YES_ERROR;
				CLANG_WARN__DUPLICATE_METHOD_MATCH = YES;
				COPY_PHASE_STRIP = NO;
				GCC_C_LANGUAGE_STANDARD = gnu99;
				GCC_DYNAMIC_NO_PIC = NO;
				GCC_ENABLE_OBJC_EXCEPTIONS = YES;
				GCC_OPTIMIZATION_LEVEL = 0;
				GCC_PREPROCESSOR_DEFINITIONS = (
					"DEBUG=1",
					"$(inherited)",
				);
				GCC_SYMBOLS_PRIVATE_EXTERN = NO;
				GCC_WARN_64_TO_32_BIT_CONVERSION = YES;
				GCC_WARN_ABOUT_RETURN_TYPE = YES_ERROR;
				GCC_WARN_UNDECLARED_SELECTOR = YES;
				GCC_WARN_UNINITIALIZED_AUTOS = YES;
				GCC_WARN_UNUSED_FUNCTION = YES;
				GCC_WARN_UNUSED_VARIABLE = YES;
				MACOSX_DEPLOYMENT_TARGET = 10.8;
				ONLY_ACTIVE_ARCH = YES;
				SDKROOT = macosx;
			};
			name = Debug;
		};
		4AF392A117CBE5EA00C062DB /* Release */ = {
			isa = XCBuildConfiguration;
			buildSettings = {
				ALWAYS_SEARCH_USER_PATHS = NO;
				CLANG_CXX_LANGUAGE_STANDARD = "gnu++0x";
				CLANG_CXX_LIBRARY = "libc++";
				CLANG_ENABLE_MODULES = YES;
				CLANG_ENABLE_OBJC_ARC = YES;
				CLANG_WARN_BOOL_CONVERSION = YES;
				CLANG_WARN_CONSTANT_CONVERSION = YES;
				CLANG_WARN_DIRECT_OBJC_ISA_USAGE = YES_ERROR;
				CLANG_WARN_EMPTY_BODY = YES;
				CLANG_WARN_ENUM_CONVERSION = YES;
				CLANG_WARN_INT_CONVERSION = YES;
				CLANG_WARN_OBJC_ROOT_CLASS = YES_ERROR;
				CLANG_WARN__DUPLICATE_METHOD_MATCH = YES;
				COPY_PHASE_STRIP = YES;
				DEBUG_INFORMATION_FORMAT = "dwarf-with-dsym";
				ENABLE_NS_ASSERTIONS = NO;
				GCC_C_LANGUAGE_STANDARD = gnu99;
				GCC_ENABLE_OBJC_EXCEPTIONS = YES;
				GCC_WARN_64_TO_32_BIT_CONVERSION = YES;
				GCC_WARN_ABOUT_RETURN_TYPE = YES_ERROR;
				GCC_WARN_UNDECLARED_SELECTOR = YES;
				GCC_WARN_UNINITIALIZED_AUTOS = YES;
				GCC_WARN_UNUSED_FUNCTION = YES;
				GCC_WARN_UNUSED_VARIABLE = YES;
				MACOSX_DEPLOYMENT_TARGET = 10.8;
				SDKROOT = macosx;
			};
			name = Release;
		};
		4AF392A317CBE5EA00C062DB /* Debug */ = {
			isa = XCBuildConfiguration;
			buildSettings = {
				ASSETCATALOG_COMPILER_APPICON_NAME = AppIcon;
				COMBINE_HIDPI_IMAGES = YES;
				GCC_PRECOMPILE_PREFIX_HEADER = YES;
				GCC_PREFIX_HEADER = "GText/GText-Prefix.pch";
				INFOPLIST_FILE = "GText/GText-Info.plist";
				PRODUCT_NAME = "$(TARGET_NAME)";
				WRAPPER_EXTENSION = app;
			};
			name = Debug;
		};
		4AF392A417CBE5EA00C062DB /* Release */ = {
			isa = XCBuildConfiguration;
			buildSettings = {
				ASSETCATALOG_COMPILER_APPICON_NAME = AppIcon;
				COMBINE_HIDPI_IMAGES = YES;
				GCC_PRECOMPILE_PREFIX_HEADER = YES;
				GCC_PREFIX_HEADER = "GText/GText-Prefix.pch";
				INFOPLIST_FILE = "GText/GText-Info.plist";
				PRODUCT_NAME = "$(TARGET_NAME)";
				WRAPPER_EXTENSION = app;
			};
			name = Release;
		};
		4AF392A617CBE5EA00C062DB /* Debug */ = {
			isa = XCBuildConfiguration;
			buildSettings = {
				BUNDLE_LOADER = "$(BUILT_PRODUCTS_DIR)/GText.app/Contents/MacOS/GText";
				COMBINE_HIDPI_IMAGES = YES;
				FRAMEWORK_SEARCH_PATHS = (
					"$(DEVELOPER_FRAMEWORKS_DIR)",
					"$(inherited)",
				);
				GCC_PRECOMPILE_PREFIX_HEADER = YES;
				GCC_PREFIX_HEADER = "GText/GText-Prefix.pch";
				GCC_PREPROCESSOR_DEFINITIONS = (
					"DEBUG=1",
					"$(inherited)",
				);
				INFOPLIST_FILE = "GTextTests/GTextTests-Info.plist";
				PRODUCT_NAME = "$(TARGET_NAME)";
				TEST_HOST = "$(BUNDLE_LOADER)";
				WRAPPER_EXTENSION = xctest;
			};
			name = Debug;
		};
		4AF392A717CBE5EA00C062DB /* Release */ = {
			isa = XCBuildConfiguration;
			buildSettings = {
				BUNDLE_LOADER = "$(BUILT_PRODUCTS_DIR)/GText.app/Contents/MacOS/GText";
				COMBINE_HIDPI_IMAGES = YES;
				FRAMEWORK_SEARCH_PATHS = (
					"$(DEVELOPER_FRAMEWORKS_DIR)",
					"$(inherited)",
				);
				GCC_PRECOMPILE_PREFIX_HEADER = YES;
				GCC_PREFIX_HEADER = "GText/GText-Prefix.pch";
				INFOPLIST_FILE = "GTextTests/GTextTests-Info.plist";
				PRODUCT_NAME = "$(TARGET_NAME)";
				TEST_HOST = "$(BUNDLE_LOADER)";
				WRAPPER_EXTENSION = xctest;
			};
			name = Release;
		};
/* End XCBuildConfiguration section */

/* Begin XCConfigurationList section */
		4AF3926C17CBE5E900C062DB /* Build configuration list for PBXProject "GText" */ = {
			isa = XCConfigurationList;
			buildConfigurations = (
				4AF392A017CBE5EA00C062DB /* Debug */,
				4AF392A117CBE5EA00C062DB /* Release */,
			);
			defaultConfigurationIsVisible = 0;
			defaultConfigurationName = Release;
		};
		4AF392A217CBE5EA00C062DB /* Build configuration list for PBXNativeTarget "GText" */ = {
			isa = XCConfigurationList;
			buildConfigurations = (
				4AF392A317CBE5EA00C062DB /* Debug */,
				4AF392A417CBE5EA00C062DB /* Release */,
			);
			defaultConfigurationIsVisible = 0;
		};
		4AF392A517CBE5EA00C062DB /* Build configuration list for PBXNativeTarget "GTextTests" */ = {
			isa = XCConfigurationList;
			buildConfigurations = (
				4AF392A617CBE5EA00C062DB /* Debug */,
				4AF392A717CBE5EA00C062DB /* Release */,
			);
			defaultConfigurationIsVisible = 0;
		};
/* End XCConfigurationList section */
	};
	rootObject = 4AF3926917CBE5E900C062DB /* Project object */;
}
